{
  "requires": true,
  "lockfileVersion": 1,
  "dependencies": {
    "always-tail": {
      "version": "0.2.0",
      "resolved": "https://registry.npmjs.org/always-tail/-/always-tail-0.2.0.tgz",
      "integrity": "sha1-M5sa9E1QJQqgeg6H7Mw6JOxET/4=",
      "requires": {
        "debug": "0.7.4"
      }
    },
    "debug": {
      "version": "0.7.4",
      "resolved": "https://registry.npmjs.org/debug/-/debug-0.7.4.tgz",
      "integrity": "sha1-BuHqgILCyxTjmAbiLi9vdX+Srzk="
    },
    "tail": {
      "version": "1.2.3",
      "resolved": "https://registry.npmjs.org/tail/-/tail-1.2.3.tgz",
      "integrity": "sha1-sI1vp5+5KIaWMaNBpRwUSXwcQlU="
    }
  }
}
